
Microsoft Visual Studio Solution File, Format Version 12.00
# Visual Studio Version 17
VisualStudioVersion = 17.14.36301.6 d17.14
MinimumVisualStudioVersion = 10.0.40219.1
Project("{FAE04EC0-301F-11D3-BF4B-00C04F79EFBC}") = "LearnBlazor", "LearnBlazor.csproj", "{8FB892B6-AF29-42B3-93C2-1AA25ECFB89E}"
EndProject
Global
	GlobalSection(SolutionConfigurationPlatforms) = preSolution
		Debug|Any CPU = Debug|Any CPU
		Release|Any CPU = Release|Any CPU
	EndGlobalSection
	GlobalSection(ProjectConfigurationPlatforms) = postSolution
		{8FB892B6-AF29-42B3-93C2-1AA25ECFB89E}.Debug|Any CPU.ActiveCfg = Debug|Any CPU
		{8FB892B6-AF29-42B3-93C2-1AA25ECFB89E}.Debug|Any CPU.Build.0 = Debug|Any CPU
		{8FB892B6-AF29-42B3-93C2-1AA25ECFB89E}.Release|Any CPU.ActiveCfg = Release|Any CPU
		{8FB892B6-AF29-42B3-93C2-1AA25ECFB89E}.Release|Any CPU.Build.0 = Release|Any CPU
	EndGlobalSection
	GlobalSection(SolutionProperties) = preSolution
		HideSolutionNode = FALSE
	EndGlobalSection
	GlobalSection(ExtensibilityGlobals) = postSolution
		SolutionGuid = {F1753D67-B257-4739-BB08-A9983B538DAB}
	EndGlobalSection
EndGlobal
